
Microsoft Visual Studio Solution File, Format Version 12.00
# Visual Studio Version 16
VisualStudioVersion = 16.0.32929.386
MinimumVisualStudioVersion = 10.0.40219.1
Project("{FAE04EC0-301F-11D3-BF4B-00C04F79EFBC}") = "Trains", "Trains.csproj", "{017660A5-7813-449C-B50B-EFD926A58E6F}"
EndProject
Project("{FAE04EC0-301F-11D3-BF4B-00C04F79EFBC}") = "TestClient", "..\TestClient\TestClient.csproj", "{78070DF8-6061-44C8-9A7D-1E8AA1CC242A}"
EndProject
Global
	GlobalSection(SolutionConfigurationPlatforms) = preSolution
		Debug|Any CPU = Debug|Any CPU
		Release|Any CPU = Release|Any CPU
	EndGlobalSection
	GlobalSection(ProjectConfigurationPlatforms) = postSolution
		{017660A5-7813-449C-B50B-EFD926A58E6F}.Debug|Any CPU.ActiveCfg = Debug|Any CPU
		{017660A5-7813-449C-B50B-EFD926A58E6F}.Debug|Any CPU.Build.0 = Debug|Any CPU
		{017660A5-7813-449C-B50B-EFD926A58E6F}.Release|Any CPU.ActiveCfg = Release|Any CPU
		{017660A5-7813-449C-B50B-EFD926A58E6F}.Release|Any CPU.Build.0 = Release|Any CPU
		{78070DF8-6061-44C8-9A7D-1E8AA1CC242A}.Debug|Any CPU.ActiveCfg = Debug|Any CPU
		{78070DF8-6061-44C8-9A7D-1E8AA1CC242A}.Debug|Any CPU.Build.0 = Debug|Any CPU
		{78070DF8-6061-44C8-9A7D-1E8AA1CC242A}.Release|Any CPU.ActiveCfg = Release|Any CPU
		{78070DF8-6061-44C8-9A7D-1E8AA1CC242A}.Release|Any CPU.Build.0 = Release|Any CPU
	EndGlobalSection
	GlobalSection(SolutionProperties) = preSolution
		HideSolutionNode = FALSE
	EndGlobalSection
	GlobalSection(ExtensibilityGlobals) = postSolution
		SolutionGuid = {05154478-6396-4886-A4AE-20BAD9A81272}
	EndGlobalSection
EndGlobal
